
Microsoft Visual Studio Solution File, Format Version 12.00
# Visual Studio Version 16
VisualStudioVersion = 16.0.31829.152
MinimumVisualStudioVersion = 10.0.40219.1
Project("{FAE04EC0-301F-11D3-BF4B-00C04F79EFBC}") = "TechTreeMVCWebApplication", "TechTreeMVCWebApplication\TechTreeMVCWebApplication.csproj", "{7D109D27-CCEE-499D-877C-1E950A561D56}"
EndProject
Global
	GlobalSection(SolutionConfigurationPlatforms) = preSolution
		Debug|Any CPU = Debug|Any CPU
		Release|Any CPU = Release|Any CPU
	EndGlobalSection
	GlobalSection(ProjectConfigurationPlatforms) = postSolution
		{7D109D27-CCEE-499D-877C-1E950A561D56}.Debug|Any CPU.ActiveCfg = Debug|Any CPU
		{7D109D27-CCEE-499D-877C-1E950A561D56}.Debug|Any CPU.Build.0 = Debug|Any CPU
		{7D109D27-CCEE-499D-877C-1E950A561D56}.Release|Any CPU.ActiveCfg = Release|Any CPU
		{7D109D27-CCEE-499D-877C-1E950A561D56}.Release|Any CPU.Build.0 = Release|Any CPU
	EndGlobalSection
	GlobalSection(SolutionProperties) = preSolution
		HideSolutionNode = FALSE
	EndGlobalSection
	GlobalSection(ExtensibilityGlobals) = postSolution
		SolutionGuid = {767BB435-4D59-41AC-A1C7-8034B31544CB}
	EndGlobalSection
EndGlobal
